
Microsoft Visual Studio Solution File, Format Version 12.00
# Visual Studio 14
VisualStudioVersion = 14.0.25420.1
MinimumVisualStudioVersion = 10.0.40219.1
Project("{F184B08F-C81C-45F6-A57F-5ABD9991F28F}") = "AssetManager", "AssetManager\AssetManager.vbproj", "{C31EE27D-701D-4DA7-ADBA-D17DA3BFC181}"
EndProject
Project("{F184B08F-C81C-45F6-A57F-5ABD9991F28F}") = "GKUpdaterLib", "GK_Updater_Module\GKUpdaterLib.vbproj", "{583F28B2-C2F5-4422-BAC8-E3D15CB61DF0}"
EndProject
Project("{F184B08F-C81C-45F6-A57F-5ABD9991F28F}") = "PingVisLib", "PingVis_Library\PingVisLib.vbproj", "{BC3270C0-62BA-42E4-8DB3-8ADCFE61DBC4}"
EndProject
Project("{F184B08F-C81C-45F6-A57F-5ABD9991F28F}") = "MyDialogLib", "MyDialog\MyDialogLib.vbproj", "{5A65F4BF-4B06-44E4-AE55-5935E03955F6}"
EndProject
Global
	GlobalSection(SolutionConfigurationPlatforms) = preSolution
		Debug|Any CPU = Debug|Any CPU
		Debug|x86 = Debug|x86
		Release|Any CPU = Release|Any CPU
		Release|x86 = Release|x86
	EndGlobalSection
	GlobalSection(ProjectConfigurationPlatforms) = postSolution
		{C31EE27D-701D-4DA7-ADBA-D17DA3BFC181}.Debug|Any CPU.ActiveCfg = Debug|Any CPU
		{C31EE27D-701D-4DA7-ADBA-D17DA3BFC181}.Debug|Any CPU.Build.0 = Debug|Any CPU
		{C31EE27D-701D-4DA7-ADBA-D17DA3BFC181}.Debug|x86.ActiveCfg = Debug|x86
		{C31EE27D-701D-4DA7-ADBA-D17DA3BFC181}.Debug|x86.Build.0 = Debug|x86
		{C31EE27D-701D-4DA7-ADBA-D17DA3BFC181}.Release|Any CPU.ActiveCfg = Release|Any CPU
		{C31EE27D-701D-4DA7-ADBA-D17DA3BFC181}.Release|Any CPU.Build.0 = Release|Any CPU
		{C31EE27D-701D-4DA7-ADBA-D17DA3BFC181}.Release|x86.ActiveCfg = Release|x86
		{C31EE27D-701D-4DA7-ADBA-D17DA3BFC181}.Release|x86.Build.0 = Release|x86
		{583F28B2-C2F5-4422-BAC8-E3D15CB61DF0}.Debug|Any CPU.ActiveCfg = Debug|Any CPU
		{583F28B2-C2F5-4422-BAC8-E3D15CB61DF0}.Debug|Any CPU.Build.0 = Debug|Any CPU
		{583F28B2-C2F5-4422-BAC8-E3D15CB61DF0}.Debug|x86.ActiveCfg = Debug|Any CPU
		{583F28B2-C2F5-4422-BAC8-E3D15CB61DF0}.Debug|x86.Build.0 = Debug|Any CPU
		{583F28B2-C2F5-4422-BAC8-E3D15CB61DF0}.Release|Any CPU.ActiveCfg = Release|Any CPU
		{583F28B2-C2F5-4422-BAC8-E3D15CB61DF0}.Release|Any CPU.Build.0 = Release|Any CPU
		{583F28B2-C2F5-4422-BAC8-E3D15CB61DF0}.Release|x86.ActiveCfg = Release|Any CPU
		{583F28B2-C2F5-4422-BAC8-E3D15CB61DF0}.Release|x86.Build.0 = Release|Any CPU
		{BC3270C0-62BA-42E4-8DB3-8ADCFE61DBC4}.Debug|Any CPU.ActiveCfg = Debug|Any CPU
		{BC3270C0-62BA-42E4-8DB3-8ADCFE61DBC4}.Debug|Any CPU.Build.0 = Debug|Any CPU
		{BC3270C0-62BA-42E4-8DB3-8ADCFE61DBC4}.Debug|x86.ActiveCfg = Debug|Any CPU
		{BC3270C0-62BA-42E4-8DB3-8ADCFE61DBC4}.Debug|x86.Build.0 = Debug|Any CPU
		{BC3270C0-62BA-42E4-8DB3-8ADCFE61DBC4}.Release|Any CPU.ActiveCfg = Release|Any CPU
		{BC3270C0-62BA-42E4-8DB3-8ADCFE61DBC4}.Release|Any CPU.Build.0 = Release|Any CPU
		{BC3270C0-62BA-42E4-8DB3-8ADCFE61DBC4}.Release|x86.ActiveCfg = Release|Any CPU
		{BC3270C0-62BA-42E4-8DB3-8ADCFE61DBC4}.Release|x86.Build.0 = Release|Any CPU
		{5A65F4BF-4B06-44E4-AE55-5935E03955F6}.Debug|Any CPU.ActiveCfg = Debug|Any CPU
		{5A65F4BF-4B06-44E4-AE55-5935E03955F6}.Debug|Any CPU.Build.0 = Debug|Any CPU
		{5A65F4BF-4B06-44E4-AE55-5935E03955F6}.Debug|x86.ActiveCfg = Debug|Any CPU
		{5A65F4BF-4B06-44E4-AE55-5935E03955F6}.Debug|x86.Build.0 = Debug|Any CPU
		{5A65F4BF-4B06-44E4-AE55-5935E03955F6}.Release|Any CPU.ActiveCfg = Release|Any CPU
		{5A65F4BF-4B06-44E4-AE55-5935E03955F6}.Release|Any CPU.Build.0 = Release|Any CPU
		{5A65F4BF-4B06-44E4-AE55-5935E03955F6}.Release|x86.ActiveCfg = Release|Any CPU
		{5A65F4BF-4B06-44E4-AE55-5935E03955F6}.Release|x86.Build.0 = Release|Any CPU
	EndGlobalSection
	GlobalSection(SolutionProperties) = preSolution
		HideSolutionNode = FALSE
	EndGlobalSection
EndGlobal
